
Microsoft Visual Studio Solution File, Format Version 12.00
# Visual Studio Version 17
VisualStudioVersion = 17.6.33829.357
MinimumVisualStudioVersion = 10.0.40219.1
Project("{FAE04EC0-301F-11D3-BF4B-00C04F79EFBC}") = "HelloWorld", "HelloWorld\HelloWorld.csproj", "{04DEEC55-55C7-47F9-BA39-D7A7ACE4D362}"
EndProject
Global
	GlobalSection(SolutionConfigurationPlatforms) = preSolution
		Debug|Any CPU = Debug|Any CPU
		Release|Any CPU = Release|Any CPU
	EndGlobalSection
	GlobalSection(ProjectConfigurationPlatforms) = postSolution
		{04DEEC55-55C7-47F9-BA39-D7A7ACE4D362}.Debug|Any CPU.ActiveCfg = Debug|Any CPU
		{04DEEC55-55C7-47F9-BA39-D7A7ACE4D362}.Debug|Any CPU.Build.0 = Debug|Any CPU
		{04DEEC55-55C7-47F9-BA39-D7A7ACE4D362}.Release|Any CPU.ActiveCfg = Release|Any CPU
		{04DEEC55-55C7-47F9-BA39-D7A7ACE4D362}.Release|Any CPU.Build.0 = Release|Any CPU
	EndGlobalSection
	GlobalSection(SolutionProperties) = preSolution
		HideSolutionNode = FALSE
	EndGlobalSection
	GlobalSection(ExtensibilityGlobals) = postSolution
		SolutionGuid = {9CC51D69-F1EB-475B-B33F-B1DC56E0AD60}
	EndGlobalSection
EndGlobal
